
Microsoft Visual Studio Solution File, Format Version 12.00
# Visual Studio Version 17
VisualStudioVersion = 17.4.33103.184
MinimumVisualStudioVersion = 10.0.40219.1
Project("{2150E333-8FDC-42A3-9474-1A3956D46DE8}") = "Core", "Core", "{2BF246C0-A038-4983-A490-15E0786F1A10}"
EndProject
Project("{2150E333-8FDC-42A3-9474-1A3956D46DE8}") = "Infrastructure", "Infrastructure", "{11D96963-2A48-417B-95E1-F3BBCD801DFB}"
EndProject
Project("{2150E333-8FDC-42A3-9474-1A3956D46DE8}") = "src", "src", "{D0CE20B9-98CD-44D9-9039-B3013951F0F8}"
EndProject
Project("{2150E333-8FDC-42A3-9474-1A3956D46DE8}") = "tests", "tests", "{937AF532-9FD9-40BF-AAF6-7DDA63A445A0}"
EndProject
Project("{9A19103F-16F7-4668-BE54-9A1E7A4F7556}") = "Contracts", "src\Contracts\Contracts.csproj", "{77963066-5517-44B3-938C-B1A3809F06BD}"
EndProject
Project("{9A19103F-16F7-4668-BE54-9A1E7A4F7556}") = "Domain", "src\Domain\Domain.csproj", "{D6287254-BDE0-4569-AE36-5C88CC36077C}"
EndProject
Project("{9A19103F-16F7-4668-BE54-9A1E7A4F7556}") = "Services", "src\Services\Services.csproj", "{0617B35C-23E2-4B39-BDB9-A33604CCDEE9}"
EndProject
Project("{9A19103F-16F7-4668-BE54-9A1E7A4F7556}") = "Services.Abstractions", "src\Services.Abstractions\Services.Abstractions.csproj", "{0152FB27-4D45-490F-847A-B9BA4BFB1020}"
EndProject
Project("{9A19103F-16F7-4668-BE54-9A1E7A4F7556}") = "Persistence", "src\Persistence\Persistence.csproj", "{55391DAE-08EE-41FB-AB5F-CA740B41DCE3}"
EndProject
Project("{9A19103F-16F7-4668-BE54-9A1E7A4F7556}") = "Presentation", "src\Presentation\Presentation.csproj", "{10695244-C32E-4177-BEAF-199AC7FAE751}"
EndProject
Project("{9A19103F-16F7-4668-BE54-9A1E7A4F7556}") = "Web", "src\Web\Web.csproj", "{2A561392-4699-470F-A075-FC67AEA08F0B}"
EndProject
Project("{9A19103F-16F7-4668-BE54-9A1E7A4F7556}") = "Services.Tests", "tests\Services.Tests\Services.Tests.csproj", "{DF0145D8-A86F-4202-BC49-066E7746AC71}"
EndProject
Global
	GlobalSection(SolutionConfigurationPlatforms) = preSolution
		Debug|Any CPU = Debug|Any CPU
		Release|Any CPU = Release|Any CPU
	EndGlobalSection
	GlobalSection(ProjectConfigurationPlatforms) = postSolution
		{77963066-5517-44B3-938C-B1A3809F06BD}.Debug|Any CPU.ActiveCfg = Debug|Any CPU
		{77963066-5517-44B3-938C-B1A3809F06BD}.Debug|Any CPU.Build.0 = Debug|Any CPU
		{77963066-5517-44B3-938C-B1A3809F06BD}.Release|Any CPU.ActiveCfg = Release|Any CPU
		{77963066-5517-44B3-938C-B1A3809F06BD}.Release|Any CPU.Build.0 = Release|Any CPU
		{D6287254-BDE0-4569-AE36-5C88CC36077C}.Debug|Any CPU.ActiveCfg = Debug|Any CPU
		{D6287254-BDE0-4569-AE36-5C88CC36077C}.Debug|Any CPU.Build.0 = Debug|Any CPU
		{D6287254-BDE0-4569-AE36-5C88CC36077C}.Release|Any CPU.ActiveCfg = Release|Any CPU
		{D6287254-BDE0-4569-AE36-5C88CC36077C}.Release|Any CPU.Build.0 = Release|Any CPU
		{0617B35C-23E2-4B39-BDB9-A33604CCDEE9}.Debug|Any CPU.ActiveCfg = Debug|Any CPU
		{0617B35C-23E2-4B39-BDB9-A33604CCDEE9}.Debug|Any CPU.Build.0 = Debug|Any CPU
		{0617B35C-23E2-4B39-BDB9-A33604CCDEE9}.Release|Any CPU.ActiveCfg = Release|Any CPU
		{0617B35C-23E2-4B39-BDB9-A33604CCDEE9}.Release|Any CPU.Build.0 = Release|Any CPU
		{0152FB27-4D45-490F-847A-B9BA4BFB1020}.Debug|Any CPU.ActiveCfg = Debug|Any CPU
		{0152FB27-4D45-490F-847A-B9BA4BFB1020}.Debug|Any CPU.Build.0 = Debug|Any CPU
		{0152FB27-4D45-490F-847A-B9BA4BFB1020}.Release|Any CPU.ActiveCfg = Release|Any CPU
		{0152FB27-4D45-490F-847A-B9BA4BFB1020}.Release|Any CPU.Build.0 = Release|Any CPU
		{55391DAE-08EE-41FB-AB5F-CA740B41DCE3}.Debug|Any CPU.ActiveCfg = Debug|Any CPU
		{55391DAE-08EE-41FB-AB5F-CA740B41DCE3}.Debug|Any CPU.Build.0 = Debug|Any CPU
		{55391DAE-08EE-41FB-AB5F-CA740B41DCE3}.Release|Any CPU.ActiveCfg = Release|Any CPU
		{55391DAE-08EE-41FB-AB5F-CA740B41DCE3}.Release|Any CPU.Build.0 = Release|Any CPU
		{10695244-C32E-4177-BEAF-199AC7FAE751}.Debug|Any CPU.ActiveCfg = Debug|Any CPU
		{10695244-C32E-4177-BEAF-199AC7FAE751}.Debug|Any CPU.Build.0 = Debug|Any CPU
		{10695244-C32E-4177-BEAF-199AC7FAE751}.Release|Any CPU.ActiveCfg = Release|Any CPU
		{10695244-C32E-4177-BEAF-199AC7FAE751}.Release|Any CPU.Build.0 = Release|Any CPU
		{2A561392-4699-470F-A075-FC67AEA08F0B}.Debug|Any CPU.ActiveCfg = Debug|Any CPU
		{2A561392-4699-470F-A075-FC67AEA08F0B}.Debug|Any CPU.Build.0 = Debug|Any CPU
		{2A561392-4699-470F-A075-FC67AEA08F0B}.Release|Any CPU.ActiveCfg = Release|Any CPU
		{2A561392-4699-470F-A075-FC67AEA08F0B}.Release|Any CPU.Build.0 = Release|Any CPU
		{DF0145D8-A86F-4202-BC49-066E7746AC71}.Debug|Any CPU.ActiveCfg = Debug|Any CPU
		{DF0145D8-A86F-4202-BC49-066E7746AC71}.Debug|Any CPU.Build.0 = Debug|Any CPU
		{DF0145D8-A86F-4202-BC49-066E7746AC71}.Release|Any CPU.ActiveCfg = Release|Any CPU
		{DF0145D8-A86F-4202-BC49-066E7746AC71}.Release|Any CPU.Build.0 = Release|Any CPU
	EndGlobalSection
	GlobalSection(SolutionProperties) = preSolution
		HideSolutionNode = FALSE
	EndGlobalSection
	GlobalSection(NestedProjects) = preSolution
		{2BF246C0-A038-4983-A490-15E0786F1A10} = {D0CE20B9-98CD-44D9-9039-B3013951F0F8}
		{11D96963-2A48-417B-95E1-F3BBCD801DFB} = {D0CE20B9-98CD-44D9-9039-B3013951F0F8}
		{77963066-5517-44B3-938C-B1A3809F06BD} = {2BF246C0-A038-4983-A490-15E0786F1A10}
		{D6287254-BDE0-4569-AE36-5C88CC36077C} = {2BF246C0-A038-4983-A490-15E0786F1A10}
		{0617B35C-23E2-4B39-BDB9-A33604CCDEE9} = {2BF246C0-A038-4983-A490-15E0786F1A10}
		{0152FB27-4D45-490F-847A-B9BA4BFB1020} = {2BF246C0-A038-4983-A490-15E0786F1A10}
		{55391DAE-08EE-41FB-AB5F-CA740B41DCE3} = {11D96963-2A48-417B-95E1-F3BBCD801DFB}
		{10695244-C32E-4177-BEAF-199AC7FAE751} = {11D96963-2A48-417B-95E1-F3BBCD801DFB}
		{2A561392-4699-470F-A075-FC67AEA08F0B} = {D0CE20B9-98CD-44D9-9039-B3013951F0F8}
		{DF0145D8-A86F-4202-BC49-066E7746AC71} = {937AF532-9FD9-40BF-AAF6-7DDA63A445A0}
	EndGlobalSection
	GlobalSection(ExtensibilityGlobals) = postSolution
		SolutionGuid = {062A42EC-8AD0-4C74-900D-81BD683F3067}
	EndGlobalSection
EndGlobal
