
Microsoft Visual Studio Solution File, Format Version 12.00
# Visual Studio Version 17
VisualStudioVersion = 17.4.33103.184
MinimumVisualStudioVersion = 10.0.40219.1
Project("{2150E333-8FDC-42A3-9474-1A3956D46DE8}") = "Core", "Core", "{2BF246C0-A038-4983-A490-15E0786F1A10}"
EndProject
Project("{2150E333-8FDC-42A3-9474-1A3956D46DE8}") = "Infrastructure", "Infrastructure", "{11D96963-2A48-417B-95E1-F3BBCD801DFB}"
EndProject
Project("{2150E333-8FDC-42A3-9474-1A3956D46DE8}") = "Source", "Source", "{D0CE20B9-98CD-44D9-9039-B3013951F0F8}"
EndProject
Project("{E53339B2-1760-4266-BCC7-CA923CBCF16C}") = "docker-compose", "docker-compose.dcproj", "{9DE68B84-06CA-48BA-BF5A-0487B240DFAB}"
EndProject
Project("{9A19103F-16F7-4668-BE54-9A1E7A4F7556}") = "Contracts", "Source\Contracts\Contracts.csproj", "{BFB964ED-3AB1-4F56-8FA7-7881D28B681F}"
EndProject
Project("{9A19103F-16F7-4668-BE54-9A1E7A4F7556}") = "Domain", "Source\Domain\Domain.csproj", "{1ACEBEE0-1629-4335-9E04-9FDACB771150}"
EndProject
Project("{9A19103F-16F7-4668-BE54-9A1E7A4F7556}") = "Services", "Source\Services\Services.csproj", "{CA9DBE5C-12BC-405D-A76E-87500F462C4C}"
EndProject
Project("{9A19103F-16F7-4668-BE54-9A1E7A4F7556}") = "Services.Abstractions", "Source\Services.Abstractions\Services.Abstractions.csproj", "{3C2AC551-FE07-4670-AC03-B59F4C5117C2}"
EndProject
Project("{9A19103F-16F7-4668-BE54-9A1E7A4F7556}") = "Persistence", "Source\Persistence\Persistence.csproj", "{5FAF3202-D7F2-4395-82B6-13AD6E09FEDB}"
EndProject
Project("{9A19103F-16F7-4668-BE54-9A1E7A4F7556}") = "Presentation", "Source\Presentation\Presentation.csproj", "{D01211F2-5516-4BBD-95CC-BF2182ECD17F}"
EndProject
Project("{9A19103F-16F7-4668-BE54-9A1E7A4F7556}") = "Web", "Source\Web\Web.csproj", "{5618EF4A-89E5-4FA2-835A-80D7B9967684}"
EndProject
Project("{2150E333-8FDC-42A3-9474-1A3956D46DE8}") = "Tests", "Tests", "{2DC2EAD2-E2B3-4863-B974-11F94291FC6B}"
EndProject
Project("{9A19103F-16F7-4668-BE54-9A1E7A4F7556}") = "Services.Tests", "Tests\Services.Tests\Services.Tests.csproj", "{9611BF11-4BDB-4AAA-ACEF-16FAD3922BE9}"
EndProject
Global
	GlobalSection(SolutionConfigurationPlatforms) = preSolution
		Debug|Any CPU = Debug|Any CPU
		Release|Any CPU = Release|Any CPU
	EndGlobalSection
	GlobalSection(ProjectConfigurationPlatforms) = postSolution
		{9DE68B84-06CA-48BA-BF5A-0487B240DFAB}.Debug|Any CPU.ActiveCfg = Debug|Any CPU
		{9DE68B84-06CA-48BA-BF5A-0487B240DFAB}.Debug|Any CPU.Build.0 = Debug|Any CPU
		{9DE68B84-06CA-48BA-BF5A-0487B240DFAB}.Release|Any CPU.ActiveCfg = Release|Any CPU
		{9DE68B84-06CA-48BA-BF5A-0487B240DFAB}.Release|Any CPU.Build.0 = Release|Any CPU
		{BFB964ED-3AB1-4F56-8FA7-7881D28B681F}.Debug|Any CPU.ActiveCfg = Debug|Any CPU
		{BFB964ED-3AB1-4F56-8FA7-7881D28B681F}.Debug|Any CPU.Build.0 = Debug|Any CPU
		{BFB964ED-3AB1-4F56-8FA7-7881D28B681F}.Release|Any CPU.ActiveCfg = Release|Any CPU
		{BFB964ED-3AB1-4F56-8FA7-7881D28B681F}.Release|Any CPU.Build.0 = Release|Any CPU
		{1ACEBEE0-1629-4335-9E04-9FDACB771150}.Debug|Any CPU.ActiveCfg = Debug|Any CPU
		{1ACEBEE0-1629-4335-9E04-9FDACB771150}.Debug|Any CPU.Build.0 = Debug|Any CPU
		{1ACEBEE0-1629-4335-9E04-9FDACB771150}.Release|Any CPU.ActiveCfg = Release|Any CPU
		{1ACEBEE0-1629-4335-9E04-9FDACB771150}.Release|Any CPU.Build.0 = Release|Any CPU
		{CA9DBE5C-12BC-405D-A76E-87500F462C4C}.Debug|Any CPU.ActiveCfg = Debug|Any CPU
		{CA9DBE5C-12BC-405D-A76E-87500F462C4C}.Debug|Any CPU.Build.0 = Debug|Any CPU
		{CA9DBE5C-12BC-405D-A76E-87500F462C4C}.Release|Any CPU.ActiveCfg = Release|Any CPU
		{CA9DBE5C-12BC-405D-A76E-87500F462C4C}.Release|Any CPU.Build.0 = Release|Any CPU
		{3C2AC551-FE07-4670-AC03-B59F4C5117C2}.Debug|Any CPU.ActiveCfg = Debug|Any CPU
		{3C2AC551-FE07-4670-AC03-B59F4C5117C2}.Debug|Any CPU.Build.0 = Debug|Any CPU
		{3C2AC551-FE07-4670-AC03-B59F4C5117C2}.Release|Any CPU.ActiveCfg = Release|Any CPU
		{3C2AC551-FE07-4670-AC03-B59F4C5117C2}.Release|Any CPU.Build.0 = Release|Any CPU
		{5FAF3202-D7F2-4395-82B6-13AD6E09FEDB}.Debug|Any CPU.ActiveCfg = Debug|Any CPU
		{5FAF3202-D7F2-4395-82B6-13AD6E09FEDB}.Debug|Any CPU.Build.0 = Debug|Any CPU
		{5FAF3202-D7F2-4395-82B6-13AD6E09FEDB}.Release|Any CPU.ActiveCfg = Release|Any CPU
		{5FAF3202-D7F2-4395-82B6-13AD6E09FEDB}.Release|Any CPU.Build.0 = Release|Any CPU
		{D01211F2-5516-4BBD-95CC-BF2182ECD17F}.Debug|Any CPU.ActiveCfg = Debug|Any CPU
		{D01211F2-5516-4BBD-95CC-BF2182ECD17F}.Debug|Any CPU.Build.0 = Debug|Any CPU
		{D01211F2-5516-4BBD-95CC-BF2182ECD17F}.Release|Any CPU.ActiveCfg = Release|Any CPU
		{D01211F2-5516-4BBD-95CC-BF2182ECD17F}.Release|Any CPU.Build.0 = Release|Any CPU
		{5618EF4A-89E5-4FA2-835A-80D7B9967684}.Debug|Any CPU.ActiveCfg = Debug|Any CPU
		{5618EF4A-89E5-4FA2-835A-80D7B9967684}.Debug|Any CPU.Build.0 = Debug|Any CPU
		{5618EF4A-89E5-4FA2-835A-80D7B9967684}.Release|Any CPU.ActiveCfg = Release|Any CPU
		{5618EF4A-89E5-4FA2-835A-80D7B9967684}.Release|Any CPU.Build.0 = Release|Any CPU
		{9611BF11-4BDB-4AAA-ACEF-16FAD3922BE9}.Debug|Any CPU.ActiveCfg = Debug|Any CPU
		{9611BF11-4BDB-4AAA-ACEF-16FAD3922BE9}.Debug|Any CPU.Build.0 = Debug|Any CPU
		{9611BF11-4BDB-4AAA-ACEF-16FAD3922BE9}.Release|Any CPU.ActiveCfg = Release|Any CPU
		{9611BF11-4BDB-4AAA-ACEF-16FAD3922BE9}.Release|Any CPU.Build.0 = Release|Any CPU
	EndGlobalSection
	GlobalSection(SolutionProperties) = preSolution
		HideSolutionNode = FALSE
	EndGlobalSection
	GlobalSection(NestedProjects) = preSolution
		{2BF246C0-A038-4983-A490-15E0786F1A10} = {D0CE20B9-98CD-44D9-9039-B3013951F0F8}
		{11D96963-2A48-417B-95E1-F3BBCD801DFB} = {D0CE20B9-98CD-44D9-9039-B3013951F0F8}
		{BFB964ED-3AB1-4F56-8FA7-7881D28B681F} = {2BF246C0-A038-4983-A490-15E0786F1A10}
		{1ACEBEE0-1629-4335-9E04-9FDACB771150} = {2BF246C0-A038-4983-A490-15E0786F1A10}
		{CA9DBE5C-12BC-405D-A76E-87500F462C4C} = {2BF246C0-A038-4983-A490-15E0786F1A10}
		{3C2AC551-FE07-4670-AC03-B59F4C5117C2} = {2BF246C0-A038-4983-A490-15E0786F1A10}
		{5FAF3202-D7F2-4395-82B6-13AD6E09FEDB} = {11D96963-2A48-417B-95E1-F3BBCD801DFB}
		{D01211F2-5516-4BBD-95CC-BF2182ECD17F} = {11D96963-2A48-417B-95E1-F3BBCD801DFB}
		{5618EF4A-89E5-4FA2-835A-80D7B9967684} = {D0CE20B9-98CD-44D9-9039-B3013951F0F8}
		{9611BF11-4BDB-4AAA-ACEF-16FAD3922BE9} = {2DC2EAD2-E2B3-4863-B974-11F94291FC6B}
	EndGlobalSection
	GlobalSection(ExtensibilityGlobals) = postSolution
		SolutionGuid = {062A42EC-8AD0-4C74-900D-81BD683F3067}
	EndGlobalSection
EndGlobal
